# This file is autogenerated, do not edit; changes may be undone by the next 'dep ensure'.


[[projects]]
  branch = "master"
  digest = "1:679ea829c66fe8c510025a401376e1a0b3e451c26b849451451f04bda2145748"
  name = "github.com/MakeNowJust/heredoc"
  packages = [
    ".",
    "dot",
  ]
  pruneopts = "UT"
  revision = "e9091a26100e9cfb2b6a8f470085bfa541931a91"

[[projects]]
  digest = "1:ffe9824d294da03b391f44e1ae8281281b4afc1bdaa9588c9097785e3af10cec"
  name = "github.com/davecgh/go-spew"
  packages = ["spew"]
  pruneopts = "UT"
  revision = "8991bc29aa16c548c550c7ff78260e27b9ab7c73"
  version = "v1.1.1"

[[projects]]
  digest = "1:ecd9aa82687cf31d1585d4ac61d0ba180e42e8a6182b85bd785fcca8dfeefc1b"
  name = "github.com/joho/godotenv"
  packages = ["."]
  pruneopts = "UT"
  revision = "23d116af351c84513e1946b527c88823e476be13"
  version = "v1.3.0"

[[projects]]
  branch = "master"
  digest = "1:d9d3a231c70b17470fc134900032da48d5c146f0f4a2ce12ceb92704dae8d67d"
  name = "golang.org/x/xerrors"
  packages = [
    ".",
    "internal",
  ]
  pruneopts = "UT"
  revision = "1f06c39b43733b74392b1972507822714ced3242"

[solve-meta]
  analyzer-name = "dep"
  analyzer-version = 1
  input-imports = [
    "github.com/MakeNowJust/heredoc/dot",
    "github.com/davecgh/go-spew/spew",
    "github.com/joho/godotenv",
    "golang.org/x/xerrors",
  ]
  solver-name = "gps-cdcl"
  solver-version = 1
